
Microsoft Visual Studio Solution File, Format Version 12.00
# Visual Studio 15
VisualStudioVersion = 15.0.27703.2035
MinimumVisualStudioVersion = 10.0.40219.1
Project("{FAE04EC0-301F-11D3-BF4B-00C04F79EFBC}") = "OSD-ProgressUI-Net4", "OSD-ProgressUI-Net4\OSD-ProgressUI-Net4.csproj", "{B36BF7AE-62A7-4582-8DCB-6FBA404E3226}"
EndProject
Global
	GlobalSection(SolutionConfigurationPlatforms) = preSolution
		Debug|Any CPU = Debug|Any CPU
		Release|Any CPU = Release|Any CPU
	EndGlobalSection
	GlobalSection(ProjectConfigurationPlatforms) = postSolution
		{B36BF7AE-62A7-4582-8DCB-6FBA404E3226}.Debug|Any CPU.ActiveCfg = Debug|Any CPU
		{B36BF7AE-62A7-4582-8DCB-6FBA404E3226}.Debug|Any CPU.Build.0 = Debug|Any CPU
		{B36BF7AE-62A7-4582-8DCB-6FBA404E3226}.Release|Any CPU.ActiveCfg = Release|Any CPU
		{B36BF7AE-62A7-4582-8DCB-6FBA404E3226}.Release|Any CPU.Build.0 = Release|Any CPU
	EndGlobalSection
	GlobalSection(SolutionProperties) = preSolution
		HideSolutionNode = FALSE
	EndGlobalSection
	GlobalSection(ExtensibilityGlobals) = postSolution
		SolutionGuid = {3FE474E6-E4F3-4E41-9398-F85802D48086}
	EndGlobalSection
EndGlobal
